// !$*UTF8*$!
{
	archiveVersion = 1;
	classes = {
	};
	objectVersion = 56;
	objects = {

/* Begin PBXBuildFile section */
		5A8C31DA2C76737D0018A71F /* PiqueMeApp.swift in Sources */ = {isa = PBXBuildFile; fileRef = 5A8C31D92C76737D0018A71F /* PiqueMeApp.swift */; };
		5A8C31DC2C76737D0018A71F /* ContentView.swift in Sources */ = {isa = PBXBuildFile; fileRef = 5A8C31DB2C76737D0018A71F /* ContentView.swift */; };
		5A8C31DE2C76737E0018A71F /* Assets.xcassets in Resources */ = {isa = PBXBuildFile; fileRef = 5A8C31DD2C76737E0018A71F /* Assets.xcassets */; };
		5A8C31E22C76737E0018A71F /* Preview Assets.xcassets in Resources */ = {isa = PBXBuildFile; fileRef = 5A8C31E12C76737E0018A71F /* Preview Assets.xcassets */; };
		5A8C31EC2C76737E0018A71F /* PiqueMeTests.swift in Sources */ = {isa = PBXBuildFile; fileRef = 5A8C31EB2C76737E0018A71F /* PiqueMeTests.swift */; };
		5A8C31F62C76737E0018A71F /* PiqueMeUITests.swift in Sources */ = {isa = PBXBuildFile; fileRef = 5A8C31F52C76737E0018A71F /* PiqueMeUITests.swift */; };
		5A8C31F82C76737E0018A71F /* PiqueMeUITestsLaunchTests.swift in Sources */ = {isa = PBXBuildFile; fileRef = 5A8C31F72C76737E0018A71F /* PiqueMeUITestsLaunchTests.swift */; };
/* End PBXBuildFile section */

/* Begin PBXContainerItemProxy section */
		5A8C31E82C76737E0018A71F /* PBXContainerItemProxy */ = {
			isa = PBXContainerItemProxy;
			containerPortal = 5A8C31CE2C76737D0018A71F /* Project object */;
			proxyType = 1;
			remoteGlobalIDString = 5A8C31D52C76737D0018A71F;
			remoteInfo = PiqueMe;
		};
		5A8C31F22C76737E0018A71F /* PBXContainerItemProxy */ = {
			isa = PBXContainerItemProxy;
			containerPortal = 5A8C31CE2C76737D0018A71F /* Project object */;
			proxyType = 1;
			remoteGlobalIDString = 5A8C31D52C76737D0018A71F;
			remoteInfo = PiqueMe;
		};
/* End PBXContainerItemProxy section */

/* Begin PBXFileReference section */
		5A8C31D62C76737D0018A71F /* PiqueMe.app */ = {isa = PBXFileReference; explicitFileType = wrapper.application; includeInIndex = 0; path = PiqueMe.app; sourceTree = BUILT_PRODUCTS_DIR; };
		5A8C31D92C76737D0018A71F /* PiqueMeApp.swift */ = {isa = PBXFileReference; lastKnownFileType = sourcecode.swift; path = PiqueMeApp.swift; sourceTree = "<group>"; };
		5A8C31DB2C76737D0018A71F /* ContentView.swift */ = {isa = PBXFileReference; lastKnownFileType = sourcecode.swift; path = ContentView.swift; sourceTree = "<group>"; };
		5A8C31DD2C76737E0018A71F /* Assets.xcassets */ = {isa = PBXFileReference; lastKnownFileType = folder.assetcatalog; path = Assets.xcassets; sourceTree = "<group>"; };
		5A8C31DF2C76737E0018A71F /* PiqueMe.entitlements */ = {isa = PBXFileReference; lastKnownFileType = text.plist.entitlements; path = PiqueMe.entitlements; sourceTree = "<group>"; };
		5A8C31E12C76737E0018A71F /* Preview Assets.xcassets */ = {isa = PBXFileReference; lastKnownFileType = folder.assetcatalog; path = "Preview Assets.xcassets"; sourceTree = "<group>"; };
		5A8C31E72C76737E0018A71F /* PiqueMeTests.xctest */ = {isa = PBXFileReference; explicitFileType = wrapper.cfbundle; includeInIndex = 0; path = PiqueMeTests.xctest; sourceTree = BUILT_PRODUCTS_DIR; };
		5A8C31EB2C76737E0018A71F /* PiqueMeTests.swift */ = {isa = PBXFileReference; lastKnownFileType = sourcecode.swift; path = PiqueMeTests.swift; sourceTree = "<group>"; };
		5A8C31F12C76737E0018A71F /* PiqueMeUITests.xctest */ = {isa = PBXFileReference; explicitFileType = wrapper.cfbundle; includeInIndex = 0; path = PiqueMeUITests.xctest; sourceTree = BUILT_PRODUCTS_DIR; };
		5A8C31F52C76737E0018A71F /* PiqueMeUITests.swift */ = {isa = PBXFileReference; lastKnownFileType = sourcecode.swift; path = PiqueMeUITests.swift; sourceTree = "<group>"; };
		5A8C31F72C76737E0018A71F /* PiqueMeUITestsLaunchTests.swift */ = {isa = PBXFileReference; lastKnownFileType = sourcecode.swift; path = PiqueMeUITestsLaunchTests.swift; sourceTree = "<group>"; };
/* End PBXFileReference section */

/* Begin PBXFrameworksBuildPhase section */
		5A8C31D32C76737D0018A71F /* Frameworks */ = {
			isa = PBXFrameworksBuildPhase;
			buildActionMask = 2147483647;
			files = (
			);
			runOnlyForDeploymentPostprocessing = 0;
		};
		5A8C31E42C76737E0018A71F /* Frameworks */ = {
			isa = PBXFrameworksBuildPhase;
			buildActionMask = 2147483647;
			files = (
			);
			runOnlyForDeploymentPostprocessing = 0;
		};
		5A8C31EE2C76737E0018A71F /* Frameworks */ = {
			isa = PBXFrameworksBuildPhase;
			buildActionMask = 2147483647;
			files = (
			);
			runOnlyForDeploymentPostprocessing = 0;
		};
/* End PBXFrameworksBuildPhase section */

/* Begin PBXGroup section */
		5A8C31CD2C76737D0018A71F = {
			isa = PBXGroup;
			children = (
				5A8C31D82C76737D0018A71F /* PiqueMe */,
				5A8C31EA2C76737E0018A71F /* PiqueMeTests */,
				5A8C31F42C76737E0018A71F /* PiqueMeUITests */,
				5A8C31D72C76737D0018A71F /* Products */,
			);
			sourceTree = "<group>";
		};
		5A8C31D72C76737D0018A71F /* Products */ = {
			isa = PBXGroup;
			children = (
				5A8C31D62C76737D0018A71F /* PiqueMe.app */,
				5A8C31E72C76737E0018A71F /* PiqueMeTests.xctest */,
				5A8C31F12C76737E0018A71F /* PiqueMeUITests.xctest */,
			);
			name = Products;
			sourceTree = "<group>";
		};
		5A8C31D82C76737D0018A71F /* PiqueMe */ = {
			isa = PBXGroup;
			children = (
				5A8C31D92C76737D0018A71F /* PiqueMeApp.swift */,
				5A8C31DB2C76737D0018A71F /* ContentView.swift */,
				5A8C31DD2C76737E0018A71F /* Assets.xcassets */,
				5A8C31DF2C76737E0018A71F /* PiqueMe.entitlements */,
				5A8C31E02C76737E0018A71F /* Preview Content */,
			);
			path = PiqueMe;
			sourceTree = "<group>";
		};
		5A8C31E02C76737E0018A71F /* Preview Content */ = {
			isa = PBXGroup;
			children = (
				5A8C31E12C76737E0018A71F /* Preview Assets.xcassets */,
			);
			path = "Preview Content";
			sourceTree = "<group>";
		};
		5A8C31EA2C76737E0018A71F /* PiqueMeTests */ = {
			isa = PBXGroup;
			children = (
				5A8C31EB2C76737E0018A71F /* PiqueMeTests.swift */,
			);
			path = PiqueMeTests;
			sourceTree = "<group>";
		};
		5A8C31F42C76737E0018A71F /* PiqueMeUITests */ = {
			isa = PBXGroup;
			children = (
				5A8C31F52C76737E0018A71F /* PiqueMeUITests.swift */,
				5A8C31F72C76737E0018A71F /* PiqueMeUITestsLaunchTests.swift */,
			);
			path = PiqueMeUITests;
			sourceTree = "<group>";
		};
/* End PBXGroup section */

/* Begin PBXNativeTarget section */
		5A8C31D52C76737D0018A71F /* PiqueMe */ = {
			isa = PBXNativeTarget;
			buildConfigurationList = 5A8C31FB2C76737E0018A71F /* Build configuration list for PBXNativeTarget "PiqueMe" */;
			buildPhases = (
				5A8C31D22C76737D0018A71F /* Sources */,
				5A8C31D32C76737D0018A71F /* Frameworks */,
				5A8C31D42C76737D0018A71F /* Resources */,
			);
			buildRules = (
			);
			dependencies = (
			);
			name = PiqueMe;
			productName = PiqueMe;
			productReference = 5A8C31D62C76737D0018A71F /* PiqueMe.app */;
			productType = "com.apple.product-type.application";
		};
		5A8C31E62C76737E0018A71F /* PiqueMeTests */ = {
			isa = PBXNativeTarget;
			buildConfigurationList = 5A8C31FE2C76737E0018A71F /* Build configuration list for PBXNativeTarget "PiqueMeTests" */;
			buildPhases = (
				5A8C31E32C76737E0018A71F /* Sources */,
				5A8C31E42C76737E0018A71F /* Frameworks */,
				5A8C31E52C76737E0018A71F /* Resources */,
			);
			buildRules = (
			);
			dependencies = (
				5A8C31E92C76737E0018A71F /* PBXTargetDependency */,
			);
			name = PiqueMeTests;
			productName = PiqueMeTests;
			productReference = 5A8C31E72C76737E0018A71F /* PiqueMeTests.xctest */;
			productType = "com.apple.product-type.bundle.unit-test";
		};
		5A8C31F02C76737E0018A71F /* PiqueMeUITests */ = {
			isa = PBXNativeTarget;
			buildConfigurationList = 5A8C32012C76737E0018A71F /* Build configuration list for PBXNativeTarget "PiqueMeUITests" */;
			buildPhases = (
				5A8C31ED2C76737E0018A71F /* Sources */,
				5A8C31EE2C76737E0018A71F /* Frameworks */,
				5A8C31EF2C76737E0018A71F /* Resources */,
			);
			buildRules = (
			);
			dependencies = (
				5A8C31F32C76737E0018A71F /* PBXTargetDependency */,
			);
			name = PiqueMeUITests;
			productName = PiqueMeUITests;
			productReference = 5A8C31F12C76737E0018A71F /* PiqueMeUITests.xctest */;
			productType = "com.apple.product-type.bundle.ui-testing";
		};
/* End PBXNativeTarget section */

/* Begin PBXProject section */
		5A8C31CE2C76737D0018A71F /* Project object */ = {
			isa = PBXProject;
			attributes = {
				BuildIndependentTargetsInParallel = 1;
				LastSwiftUpdateCheck = 1540;
				LastUpgradeCheck = 1540;
				TargetAttributes = {
					5A8C31D52C76737D0018A71F = {
						CreatedOnToolsVersion = 15.4;
					};
					5A8C31E62C76737E0018A71F = {
						CreatedOnToolsVersion = 15.4;
						TestTargetID = 5A8C31D52C76737D0018A71F;
					};
					5A8C31F02C76737E0018A71F = {
						CreatedOnToolsVersion = 15.4;
						TestTargetID = 5A8C31D52C76737D0018A71F;
					};
				};
			};
			buildConfigurationList = 5A8C31D12C76737D0018A71F /* Build configuration list for PBXProject "PiqueMe" */;
			compatibilityVersion = "Xcode 14.0";
			developmentRegion = en;
			hasScannedForEncodings = 0;
			knownRegions = (
				en,
				Base,
			);
			mainGroup = 5A8C31CD2C76737D0018A71F;
			productRefGroup = 5A8C31D72C76737D0018A71F /* Products */;
			projectDirPath = "";
			projectRoot = "";
			targets = (
				5A8C31D52C76737D0018A71F /* PiqueMe */,
				5A8C31E62C76737E0018A71F /* PiqueMeTests */,
				5A8C31F02C76737E0018A71F /* PiqueMeUITests */,
			);
		};
/* End PBXProject section */

/* Begin PBXResourcesBuildPhase section */
		5A8C31D42C76737D0018A71F /* Resources */ = {
			isa = PBXResourcesBuildPhase;
			buildActionMask = 2147483647;
			files = (
				5A8C31E22C76737E0018A71F /* Preview Assets.xcassets in Resources */,
				5A8C31DE2C76737E0018A71F /* Assets.xcassets in Resources */,
			);
			runOnlyForDeploymentPostprocessing = 0;
		};
		5A8C31E52C76737E0018A71F /* Resources */ = {
			isa = PBXResourcesBuildPhase;
			buildActionMask = 2147483647;
			files = (
			);
			runOnlyForDeploymentPostprocessing = 0;
		};
		5A8C31EF2C76737E0018A71F /* Resources */ = {
			isa = PBXResourcesBuildPhase;
			buildActionMask = 2147483647;
			files = (
			);
			runOnlyForDeploymentPostprocessing = 0;
		};
/* End PBXResourcesBuildPhase section */

/* Begin PBXSourcesBuildPhase section */
		5A8C31D22C76737D0018A71F /* Sources */ = {
			isa = PBXSourcesBuildPhase;
			buildActionMask = 2147483647;
			files = (
				5A8C31DC2C76737D0018A71F /* ContentView.swift in Sources */,
				5A8C31DA2C76737D0018A71F /* PiqueMeApp.swift in Sources */,
			);
			runOnlyForDeploymentPostprocessing = 0;
		};
		5A8C31E32C76737E0018A71F /* Sources */ = {
			isa = PBXSourcesBuildPhase;
			buildActionMask = 2147483647;
			files = (
				5A8C31EC2C76737E0018A71F /* PiqueMeTests.swift in Sources */,
			);
			runOnlyForDeploymentPostprocessing = 0;
		};
		5A8C31ED2C76737E0018A71F /* Sources */ = {
			isa = PBXSourcesBuildPhase;
			buildActionMask = 2147483647;
			files = (
				5A8C31F62C76737E0018A71F /* PiqueMeUITests.swift in Sources */,
				5A8C31F82C76737E0018A71F /* PiqueMeUITestsLaunchTests.swift in Sources */,
			);
			runOnlyForDeploymentPostprocessing = 0;
		};
/* End PBXSourcesBuildPhase section */

/* Begin PBXTargetDependency section */
		5A8C31E92C76737E0018A71F /* PBXTargetDependency */ = {
			isa = PBXTargetDependency;
			target = 5A8C31D52C76737D0018A71F /* PiqueMe */;
			targetProxy = 5A8C31E82C76737E0018A71F /* PBXContainerItemProxy */;
		};
		5A8C31F32C76737E0018A71F /* PBXTargetDependency */ = {
			isa = PBXTargetDependency;
			target = 5A8C31D52C76737D0018A71F /* PiqueMe */;
			targetProxy = 5A8C31F22C76737E0018A71F /* PBXContainerItemProxy */;
		};
/* End PBXTargetDependency section */

/* Begin XCBuildConfiguration section */
		5A8C31F92C76737E0018A71F /* Debug */ = {
			isa = XCBuildConfiguration;
			buildSettings = {
				ALWAYS_SEARCH_USER_PATHS = NO;
				ASSETCATALOG_COMPILER_GENERATE_SWIFT_ASSET_SYMBOL_EXTENSIONS = YES;
				CLANG_ANALYZER_NONNULL = YES;
				CLANG_ANALYZER_NUMBER_OBJECT_CONVERSION = YES_AGGRESSIVE;
				CLANG_CXX_LANGUAGE_STANDARD = "gnu++20";
				CLANG_ENABLE_MODULES = YES;
				CLANG_ENABLE_OBJC_ARC = YES;
				CLANG_ENABLE_OBJC_WEAK = YES;
				CLANG_WARN_BLOCK_CAPTURE_AUTORELEASING = YES;
				CLANG_WARN_BOOL_CONVERSION = YES;
				CLANG_WARN_COMMA = YES;
				CLANG_WARN_CONSTANT_CONVERSION = YES;
				CLANG_WARN_DEPRECATED_OBJC_IMPLEMENTATIONS = YES;
				CLANG_WARN_DIRECT_OBJC_ISA_USAGE = YES_ERROR;
				CLANG_WARN_DOCUMENTATION_COMMENTS = YES;
				CLANG_WARN_EMPTY_BODY = YES;
				CLANG_WARN_ENUM_CONVERSION = YES;
				CLANG_WARN_INFINITE_RECURSION = YES;
				CLANG_WARN_INT_CONVERSION = YES;
				CLANG_WARN_NON_LITERAL_NULL_CONVERSION = YES;
				CLANG_WARN_OBJC_IMPLICIT_RETAIN_SELF = YES;
				CLANG_WARN_OBJC_LITERAL_CONVERSION = YES;
				CLANG_WARN_OBJC_ROOT_CLASS = YES_ERROR;
				CLANG_WARN_QUOTED_INCLUDE_IN_FRAMEWORK_HEADER = YES;
				CLANG_WARN_RANGE_LOOP_ANALYSIS = YES;
				CLANG_WARN_STRICT_PROTOTYPES = YES;
				CLANG_WARN_SUSPICIOUS_MOVE = YES;
				CLANG_WARN_UNGUARDED_AVAILABILITY = YES_AGGRESSIVE;
				CLANG_WARN_UNREACHABLE_CODE = YES;
				CLANG_WARN__DUPLICATE_METHOD_MATCH = YES;
				COPY_PHASE_STRIP = NO;
				DEBUG_INFORMATION_FORMAT = dwarf;
				ENABLE_STRICT_OBJC_MSGSEND = YES;
				ENABLE_TESTABILITY = YES;
				ENABLE_USER_SCRIPT_SANDBOXING = YES;
				GCC_C_LANGUAGE_STANDARD = gnu17;
				GCC_DYNAMIC_NO_PIC = NO;
				GCC_NO_COMMON_BLOCKS = YES;
				GCC_OPTIMIZATION_LEVEL = 0;
				GCC_PREPROCESSOR_DEFINITIONS = (
					"DEBUG=1",
					"$(inherited)",
				);
				GCC_WARN_64_TO_32_BIT_CONVERSION = YES;
				GCC_WARN_ABOUT_RETURN_TYPE = YES_ERROR;
				GCC_WARN_UNDECLARED_SELECTOR = YES;
				GCC_WARN_UNINITIALIZED_AUTOS = YES_AGGRESSIVE;
				GCC_WARN_UNUSED_FUNCTION = YES;
				GCC_WARN_UNUSED_VARIABLE = YES;
				LOCALIZATION_PREFERS_STRING_CATALOGS = YES;
				MTL_ENABLE_DEBUG_INFO = INCLUDE_SOURCE;
				MTL_FAST_MATH = YES;
				ONLY_ACTIVE_ARCH = YES;
				SWIFT_ACTIVE_COMPILATION_CONDITIONS = "DEBUG $(inherited)";
				SWIFT_OPTIMIZATION_LEVEL = "-Onone";
			};
			name = Debug;
		};
		5A8C31FA2C76737E0018A71F /* Release */ = {
			isa = XCBuildConfiguration;
			buildSettings = {
				ALWAYS_SEARCH_USER_PATHS = NO;
				ASSETCATALOG_COMPILER_GENERATE_SWIFT_ASSET_SYMBOL_EXTENSIONS = YES;
				CLANG_ANALYZER_NONNULL = YES;
				CLANG_ANALYZER_NUMBER_OBJECT_CONVERSION = YES_AGGRESSIVE;
				CLANG_CXX_LANGUAGE_STANDARD = "gnu++20";
				CLANG_ENABLE_MODULES = YES;
				CLANG_ENABLE_OBJC_ARC = YES;
				CLANG_ENABLE_OBJC_WEAK = YES;
				CLANG_WARN_BLOCK_CAPTURE_AUTORELEASING = YES;
				CLANG_WARN_BOOL_CONVERSION = YES;
				CLANG_WARN_COMMA = YES;
				CLANG_WARN_CONSTANT_CONVERSION = YES;
				CLANG_WARN_DEPRECATED_OBJC_IMPLEMENTATIONS = YES;
				CLANG_WARN_DIRECT_OBJC_ISA_USAGE = YES_ERROR;
				CLANG_WARN_DOCUMENTATION_COMMENTS = YES;
				CLANG_WARN_EMPTY_BODY = YES;
				CLANG_WARN_ENUM_CONVERSION = YES;
				CLANG_WARN_INFINITE_RECURSION = YES;
				CLANG_WARN_INT_CONVERSION = YES;
				CLANG_WARN_NON_LITERAL_NULL_CONVERSION = YES;
				CLANG_WARN_OBJC_IMPLICIT_RETAIN_SELF = YES;
				CLANG_WARN_OBJC_LITERAL_CONVERSION = YES;
				CLANG_WARN_OBJC_ROOT_CLASS = YES_ERROR;
				CLANG_WARN_QUOTED_INCLUDE_IN_FRAMEWORK_HEADER = YES;
				CLANG_WARN_RANGE_LOOP_ANALYSIS = YES;
				CLANG_WARN_STRICT_PROTOTYPES = YES;
				CLANG_WARN_SUSPICIOUS_MOVE = YES;
				CLANG_WARN_UNGUARDED_AVAILABILITY = YES_AGGRESSIVE;
				CLANG_WARN_UNREACHABLE_CODE = YES;
				CLANG_WARN__DUPLICATE_METHOD_MATCH = YES;
				COPY_PHASE_STRIP = NO;
				DEBUG_INFORMATION_FORMAT = "dwarf-with-dsym";
				ENABLE_NS_ASSERTIONS = NO;
				ENABLE_STRICT_OBJC_MSGSEND = YES;
				ENABLE_USER_SCRIPT_SANDBOXING = YES;
				GCC_C_LANGUAGE_STANDARD = gnu17;
				GCC_NO_COMMON_BLOCKS = YES;
				GCC_WARN_64_TO_32_BIT_CONVERSION = YES;
				GCC_WARN_ABOUT_RETURN_TYPE = YES_ERROR;
				GCC_WARN_UNDECLARED_SELECTOR = YES;
				GCC_WARN_UNINITIALIZED_AUTOS = YES_AGGRESSIVE;
				GCC_WARN_UNUSED_FUNCTION = YES;
				GCC_WARN_UNUSED_VARIABLE = YES;
				LOCALIZATION_PREFERS_STRING_CATALOGS = YES;
				MTL_ENABLE_DEBUG_INFO = NO;
				MTL_FAST_MATH = YES;
				SWIFT_COMPILATION_MODE = wholemodule;
			};
			name = Release;
		};
		5A8C31FC2C76737E0018A71F /* Debug */ = {
			isa = XCBuildConfiguration;
			buildSettings = {
				ASSETCATALOG_COMPILER_APPICON_NAME = AppIcon;
				ASSETCATALOG_COMPILER_GLOBAL_ACCENT_COLOR_NAME = AccentColor;
				CODE_SIGN_ENTITLEMENTS = PiqueMe/PiqueMe.entitlements;
				CODE_SIGN_STYLE = Automatic;
				CURRENT_PROJECT_VERSION = 1;
				DEVELOPMENT_ASSET_PATHS = "\"PiqueMe/Preview Content\"";
				ENABLE_PREVIEWS = YES;
				GENERATE_INFOPLIST_FILE = YES;
				"INFOPLIST_KEY_UIApplicationSceneManifest_Generation[sdk=iphoneos*]" = YES;
				"INFOPLIST_KEY_UIApplicationSceneManifest_Generation[sdk=iphonesimulator*]" = YES;
				"INFOPLIST_KEY_UIApplicationSupportsIndirectInputEvents[sdk=iphoneos*]" = YES;
				"INFOPLIST_KEY_UIApplicationSupportsIndirectInputEvents[sdk=iphonesimulator*]" = YES;
				"INFOPLIST_KEY_UILaunchScreen_Generation[sdk=iphoneos*]" = YES;
				"INFOPLIST_KEY_UILaunchScreen_Generation[sdk=iphonesimulator*]" = YES;
				"INFOPLIST_KEY_UIStatusBarStyle[sdk=iphoneos*]" = UIStatusBarStyleDefault;
				"INFOPLIST_KEY_UIStatusBarStyle[sdk=iphonesimulator*]" = UIStatusBarStyleDefault;
				INFOPLIST_KEY_UISupportedInterfaceOrientations_iPad = "UIInterfaceOrientationPortrait UIInterfaceOrientationPortraitUpsideDown UIInterfaceOrientationLandscapeLeft UIInterfaceOrientationLandscapeRight";
				INFOPLIST_KEY_UISupportedInterfaceOrientations_iPhone = "UIInterfaceOrientationPortrait UIInterfaceOrientationLandscapeLeft UIInterfaceOrientationLandscapeRight";
				IPHONEOS_DEPLOYMENT_TARGET = 17.5;
				LD_RUNPATH_SEARCH_PATHS = "@executable_path/Frameworks";
				"LD_RUNPATH_SEARCH_PATHS[sdk=macosx*]" = "@executable_path/../Frameworks";
				MACOSX_DEPLOYMENT_TARGET = 14.3;
				MARKETING_VERSION = 1.0;
				PRODUCT_BUNDLE_IDENTIFIER = DiyaHituvalli.PiqueMe;
				PRODUCT_NAME = "$(TARGET_NAME)";
				SDKROOT = auto;
				SUPPORTED_PLATFORMS = "iphoneos iphonesimulator macosx";
				SWIFT_EMIT_LOC_STRINGS = YES;
				SWIFT_VERSION = 5.0;
				TARGETED_DEVICE_FAMILY = "1,2";
			};
			name = Debug;
		};
		5A8C31FD2C76737E0018A71F /* Release */ = {
			isa = XCBuildConfiguration;
			buildSettings = {
				ASSETCATALOG_COMPILER_APPICON_NAME = AppIcon;
				ASSETCATALOG_COMPILER_GLOBAL_ACCENT_COLOR_NAME = AccentColor;
				CODE_SIGN_ENTITLEMENTS = PiqueMe/PiqueMe.entitlements;
				CODE_SIGN_STYLE = Automatic;
				CURRENT_PROJECT_VERSION = 1;
				DEVELOPMENT_ASSET_PATHS = "\"PiqueMe/Preview Content\"";
				ENABLE_PREVIEWS = YES;
				GENERATE_INFOPLIST_FILE = YES;
				"INFOPLIST_KEY_UIApplicationSceneManifest_Generation[sdk=iphoneos*]" = YES;
				"INFOPLIST_KEY_UIApplicationSceneManifest_Generation[sdk=iphonesimulator*]" = YES;
				"INFOPLIST_KEY_UIApplicationSupportsIndirectInputEvents[sdk=iphoneos*]" = YES;
				"INFOPLIST_KEY_UIApplicationSupportsIndirectInputEvents[sdk=iphonesimulator*]" = YES;
				"INFOPLIST_KEY_UILaunchScreen_Generation[sdk=iphoneos*]" = YES;
				"INFOPLIST_KEY_UILaunchScreen_Generation[sdk=iphonesimulator*]" = YES;
				"INFOPLIST_KEY_UIStatusBarStyle[sdk=iphoneos*]" = UIStatusBarStyleDefault;
				"INFOPLIST_KEY_UIStatusBarStyle[sdk=iphonesimulator*]" = UIStatusBarStyleDefault;
				INFOPLIST_KEY_UISupportedInterfaceOrientations_iPad = "UIInterfaceOrientationPortrait UIInterfaceOrientationPortraitUpsideDown UIInterfaceOrientationLandscapeLeft UIInterfaceOrientationLandscapeRight";
				INFOPLIST_KEY_UISupportedInterfaceOrientations_iPhone = "UIInterfaceOrientationPortrait UIInterfaceOrientationLandscapeLeft UIInterfaceOrientationLandscapeRight";
				IPHONEOS_DEPLOYMENT_TARGET = 17.5;
				LD_RUNPATH_SEARCH_PATHS = "@executable_path/Frameworks";
				"LD_RUNPATH_SEARCH_PATHS[sdk=macosx*]" = "@executable_path/../Frameworks";
				MACOSX_DEPLOYMENT_TARGET = 14.3;
				MARKETING_VERSION = 1.0;
				PRODUCT_BUNDLE_IDENTIFIER = DiyaHituvalli.PiqueMe;
				PRODUCT_NAME = "$(TARGET_NAME)";
				SDKROOT = auto;
				SUPPORTED_PLATFORMS = "iphoneos iphonesimulator macosx";
				SWIFT_EMIT_LOC_STRINGS = YES;
				SWIFT_VERSION = 5.0;
				TARGETED_DEVICE_FAMILY = "1,2";
			};
			name = Release;
		};
		5A8C31FF2C76737E0018A71F /* Debug */ = {
			isa = XCBuildConfiguration;
			buildSettings = {
				ALWAYS_EMBED_SWIFT_STANDARD_LIBRARIES = YES;
				BUNDLE_LOADER = "$(TEST_HOST)";
				CODE_SIGN_STYLE = Automatic;
				CURRENT_PROJECT_VERSION = 1;
				GENERATE_INFOPLIST_FILE = YES;
				IPHONEOS_DEPLOYMENT_TARGET = 17.5;
				MACOSX_DEPLOYMENT_TARGET = 14.3;
				MARKETING_VERSION = 1.0;
				PRODUCT_BUNDLE_IDENTIFIER = DiyaHituvalli.PiqueMeTests;
				PRODUCT_NAME = "$(TARGET_NAME)";
				SDKROOT = auto;
				SUPPORTED_PLATFORMS = "iphoneos iphonesimulator macosx";
				SWIFT_EMIT_LOC_STRINGS = NO;
				SWIFT_VERSION = 5.0;
				TARGETED_DEVICE_FAMILY = "1,2";
				TEST_HOST = "$(BUILT_PRODUCTS_DIR)/PiqueMe.app/$(BUNDLE_EXECUTABLE_FOLDER_PATH)/PiqueMe";
			};
			name = Debug;
		};
		5A8C32002C76737E0018A71F /* Release */ = {
			isa = XCBuildConfiguration;
			buildSettings = {
				ALWAYS_EMBED_SWIFT_STANDARD_LIBRARIES = YES;
				BUNDLE_LOADER = "$(TEST_HOST)";
				CODE_SIGN_STYLE = Automatic;
				CURRENT_PROJECT_VERSION = 1;
				GENERATE_INFOPLIST_FILE = YES;
				IPHONEOS_DEPLOYMENT_TARGET = 17.5;
				MACOSX_DEPLOYMENT_TARGET = 14.3;
				MARKETING_VERSION = 1.0;
				PRODUCT_BUNDLE_IDENTIFIER = DiyaHituvalli.PiqueMeTests;
				PRODUCT_NAME = "$(TARGET_NAME)";
				SDKROOT = auto;
				SUPPORTED_PLATFORMS = "iphoneos iphonesimulator macosx";
				SWIFT_EMIT_LOC_STRINGS = NO;
				SWIFT_VERSION = 5.0;
				TARGETED_DEVICE_FAMILY = "1,2";
				TEST_HOST = "$(BUILT_PRODUCTS_DIR)/PiqueMe.app/$(BUNDLE_EXECUTABLE_FOLDER_PATH)/PiqueMe";
			};
			name = Release;
		};
		5A8C32022C76737E0018A71F /* Debug */ = {
			isa = XCBuildConfiguration;
			buildSettings = {
				ALWAYS_EMBED_SWIFT_STANDARD_LIBRARIES = YES;
				CODE_SIGN_STYLE = Automatic;
				CURRENT_PROJECT_VERSION = 1;
				GENERATE_INFOPLIST_FILE = YES;
				IPHONEOS_DEPLOYMENT_TARGET = 17.5;
				MACOSX_DEPLOYMENT_TARGET = 14.3;
				MARKETING_VERSION = 1.0;
				PRODUCT_BUNDLE_IDENTIFIER = DiyaHituvalli.PiqueMeUITests;
				PRODUCT_NAME = "$(TARGET_NAME)";
				SDKROOT = auto;
				SUPPORTED_PLATFORMS = "iphoneos iphonesimulator macosx";
				SWIFT_EMIT_LOC_STRINGS = NO;
				SWIFT_VERSION = 5.0;
				TARGETED_DEVICE_FAMILY = "1,2";
				TEST_TARGET_NAME = PiqueMe;
			};
			name = Debug;
		};
		5A8C32032C76737E0018A71F /* Release */ = {
			isa = XCBuildConfiguration;
			buildSettings = {
				ALWAYS_EMBED_SWIFT_STANDARD_LIBRARIES = YES;
				CODE_SIGN_STYLE = Automatic;
				CURRENT_PROJECT_VERSION = 1;
				GENERATE_INFOPLIST_FILE = YES;
				IPHONEOS_DEPLOYMENT_TARGET = 17.5;
				MACOSX_DEPLOYMENT_TARGET = 14.3;
				MARKETING_VERSION = 1.0;
				PRODUCT_BUNDLE_IDENTIFIER = DiyaHituvalli.PiqueMeUITests;
				PRODUCT_NAME = "$(TARGET_NAME)";
				SDKROOT = auto;
				SUPPORTED_PLATFORMS = "iphoneos iphonesimulator macosx";
				SWIFT_EMIT_LOC_STRINGS = NO;
				SWIFT_VERSION = 5.0;
				TARGETED_DEVICE_FAMILY = "1,2";
				TEST_TARGET_NAME = PiqueMe;
			};
			name = Release;
		};
/* End XCBuildConfiguration section */

/* Begin XCConfigurationList section */
		5A8C31D12C76737D0018A71F /* Build configuration list for PBXProject "PiqueMe" */ = {
			isa = XCConfigurationList;
			buildConfigurations = (
				5A8C31F92C76737E0018A71F /* Debug */,
				5A8C31FA2C76737E0018A71F /* Release */,
			);
			defaultConfigurationIsVisible = 0;
			defaultConfigurationName = Release;
		};
		5A8C31FB2C76737E0018A71F /* Build configuration list for PBXNativeTarget "PiqueMe" */ = {
			isa = XCConfigurationList;
			buildConfigurations = (
				5A8C31FC2C76737E0018A71F /* Debug */,
				5A8C31FD2C76737E0018A71F /* Release */,
			);
			defaultConfigurationIsVisible = 0;
			defaultConfigurationName = Release;
		};
		5A8C31FE2C76737E0018A71F /* Build configuration list for PBXNativeTarget "PiqueMeTests" */ = {
			isa = XCConfigurationList;
			buildConfigurations = (
				5A8C31FF2C76737E0018A71F /* Debug */,
				5A8C32002C76737E0018A71F /* Release */,
			);
			defaultConfigurationIsVisible = 0;
			defaultConfigurationName = Release;
		};
		5A8C32012C76737E0018A71F /* Build configuration list for PBXNativeTarget "PiqueMeUITests" */ = {
			isa = XCConfigurationList;
			buildConfigurations = (
				5A8C32022C76737E0018A71F /* Debug */,
				5A8C32032C76737E0018A71F /* Release */,
			);
			defaultConfigurationIsVisible = 0;
			defaultConfigurationName = Release;
		};
/* End XCConfigurationList section */
	};
	rootObject = 5A8C31CE2C76737D0018A71F /* Project object */;
}
